<?xml version="1.0" encoding="utf-8"?>
<Project ToolsVersion="4.0" xmlns="http://schemas.microsoft.com/developer/msbuild/2003">
  <ItemGroup>
    <Filter Include="Source Files">
      <UniqueIdentifier>{c71c518b-b6ee-46e1-b19c-1f645bfc0c1e}</UniqueIdentifier>
    </Filter>
    <Filter Include="Header Files">
      <UniqueIdentifier>{d4d23942-dd53-47d8-8f8d-ae82f0a6e905}</UniqueIdentifier>
    </Filter>
    <Filter Include="Source Files\Window">
      <UniqueIdentifier>{d97e256f-f32e-4bc7-a44b-294c40b1ebe3}</UniqueIdentifier>
    </Filter>
    <Filter Include="Header Files\Window">
      <UniqueIdentifier>{23fa82cd-3be4-4415-9cfa-6f49d8b32c15}</UniqueIdentifier>
    </Filter>
    <Filter Include="Header Files\Rendering">
      <UniqueIdentifier>{00f8a3db-5a59-4216-a246-1d8ded654ed0}</UniqueIdentifier>
    </Filter>
    <Filter Include="Source Files\Rendering">
      <UniqueIdentifier>{bb66a4a6-9589-4591-9129-84f58e68399d}</UniqueIdentifier>
    </Filter>
    <Filter Include="Header Files\Scene">
      <UniqueIdentifier>{2435032b-14f8-4e88-86ed-e529f3d4dc93}</UniqueIdentifier>
    </Filter>
    <Filter Include="Source Files\Scene">
      <UniqueIdentifier>{9588574e-e88d-4929-9d87-363d9daacaff}</UniqueIdentifier>
    </Filter>
    <Filter Include="Header Files\GL">
      <UniqueIdentifier>{f91c7540-8de1-4687-8536-e8e17f793283}</UniqueIdentifier>
    </Filter>
    <Filter Include="Header Files\Shading">
      <UniqueIdentifier>{98e458fd-eaeb-4d41-982a-88b4970ef105}</UniqueIdentifier>
    </Filter>
    <Filter Include="Source Files\Shading">
      <UniqueIdentifier>{5c060fc2-41b5-4b6d-8808-9416da41878c}</UniqueIdentifier>
    </Filter>
    <Filter Include="Shaders">
      <UniqueIdentifier>{4cac162f-8f0b-4ed6-a5ca-ef1bfc70841d}</UniqueIdentifier>
    </Filter>
    <Filter Include="Header Files\Datatypes">
      <UniqueIdentifier>{ffff600f-90d7-4bf6-965c-2cf625b765ce}</UniqueIdentifier>
    </Filter>
    <Filter Include="Header Files\Primitives">
      <UniqueIdentifier>{0a7ff103-0c6a-4157-8707-34901c333a0f}</UniqueIdentifier>
    </Filter>
    <Filter Include="Source Files\Primitives">
      <UniqueIdentifier>{27dc709f-21df-40d6-8542-70603423375c}</UniqueIdentifier>
    </Filter>
    <Filter Include="Header Files\Camera">
      <UniqueIdentifier>{10cc285d-09e9-4439-8dd4-4f3cf5a59006}</UniqueIdentifier>
    </Filter>
    <Filter Include="Source Files\Camera">
      <UniqueIdentifier>{013aed56-48fe-428e-a020-77da4d41297c}</UniqueIdentifier>
    </Filter>
  </ItemGroup>
  <ItemGroup>
    <ClCompile Include="main.cpp">
      <Filter>Source Files</Filter>
    </ClCompile>
    <ClCompile Include="Window\GLWIndow.cpp">
      <Filter>Source Files\Window</Filter>
    </ClCompile>
    <ClCompile Include="Shading\Shader.cpp">
      <Filter>Source Files\Shading</Filter>
    </ClCompile>
    <ClCompile Include="Primitives\GeometryGenerator.cpp">
      <Filter>Source Files\Primitives</Filter>
    </ClCompile>
    <ClCompile Include="Camera\Camera.cpp">
      <Filter>Source Files\Camera</Filter>
    </ClCompile>
  </ItemGroup>
  <ItemGroup>
    <ClInclude Include="..\Includes\Graphics\GL\glassert.h">
      <Filter>Header Files\GL</Filter>
    </ClInclude>
    <ClInclude Include="..\Includes\Graphics\Window\GLWindow.h">
      <Filter>Header Files\Window</Filter>
    </ClInclude>
    <ClInclude Include="..\Includes\Graphics\Shading\Shader.h">
      <Filter>Header Files\Shading</Filter>
    </ClInclude>
    <ClInclude Include="..\Includes\Graphics\Rendering\Geometry.h">
      <Filter>Header Files\Rendering</Filter>
    </ClInclude>
    <ClInclude Include="..\Includes\Graphics\Primitives\GeometryGenerator.h">
      <Filter>Header Files\Primitives</Filter>
    </ClInclude>
    <ClInclude Include="..\Includes\Graphics\Primitives\Vertex.h">
      <Filter>Header Files\Primitives</Filter>
    </ClInclude>
    <ClInclude Include="..\Includes\Graphics\Camera\Camera.h">
      <Filter>Header Files\Camera</Filter>
    </ClInclude>
  </ItemGroup>
  <ItemGroup>
    <None Include="Shaders\vertex.glsl">
      <Filter>Shaders</Filter>
    </None>
    <None Include="Shaders\fragment.glsl">
      <Filter>Shaders</Filter>
    </None>
  </ItemGroup>
</Project>